
Microsoft Visual Studio Solution File, Format Version 12.00
# Visual Studio Version 16
VisualStudioVersion = 16.0.31515.178
MinimumVisualStudioVersion = 10.0.40219.1
Project("{FAE04EC0-301F-11D3-BF4B-00C04F79EFBC}") = "Azure-CosmoDb", "Azure-CosmoDb\Azure-CosmoDb.csproj", "{B6C668C9-9376-4459-AB9B-FA5A03CDBFBC}"
EndProject
Global
	GlobalSection(SolutionConfigurationPlatforms) = preSolution
		Debug|Any CPU = Debug|Any CPU
		Release|Any CPU = Release|Any CPU
	EndGlobalSection
	GlobalSection(ProjectConfigurationPlatforms) = postSolution
		{B6C668C9-9376-4459-AB9B-FA5A03CDBFBC}.Debug|Any CPU.ActiveCfg = Debug|Any CPU
		{B6C668C9-9376-4459-AB9B-FA5A03CDBFBC}.Debug|Any CPU.Build.0 = Debug|Any CPU
		{B6C668C9-9376-4459-AB9B-FA5A03CDBFBC}.Release|Any CPU.ActiveCfg = Release|Any CPU
		{B6C668C9-9376-4459-AB9B-FA5A03CDBFBC}.Release|Any CPU.Build.0 = Release|Any CPU
	EndGlobalSection
	GlobalSection(SolutionProperties) = preSolution
		HideSolutionNode = FALSE
	EndGlobalSection
	GlobalSection(ExtensibilityGlobals) = postSolution
		SolutionGuid = {A40556EB-AAFF-4FF2-8FEE-5CF23A88C76D}
	EndGlobalSection
EndGlobal
